
Microsoft Visual Studio Solution File, Format Version 12.00
# Visual Studio Version 16
VisualStudioVersion = 16.0.30002.166
MinimumVisualStudioVersion = 10.0.40219.1
Project("{FAE04EC0-301F-11D3-BF4B-00C04F79EFBC}") = "Functional-LINQ", "Functional-LINQ.csproj", "{C9C62BEA-7647-41B1-A83F-A51655646032}"
EndProject
Global
	GlobalSection(SolutionConfigurationPlatforms) = preSolution
		Debug|Any CPU = Debug|Any CPU
		Release|Any CPU = Release|Any CPU
	EndGlobalSection
	GlobalSection(ProjectConfigurationPlatforms) = postSolution
		{C9C62BEA-7647-41B1-A83F-A51655646032}.Debug|Any CPU.ActiveCfg = Debug|Any CPU
		{C9C62BEA-7647-41B1-A83F-A51655646032}.Debug|Any CPU.Build.0 = Debug|Any CPU
		{C9C62BEA-7647-41B1-A83F-A51655646032}.Release|Any CPU.ActiveCfg = Release|Any CPU
		{C9C62BEA-7647-41B1-A83F-A51655646032}.Release|Any CPU.Build.0 = Release|Any CPU
	EndGlobalSection
	GlobalSection(SolutionProperties) = preSolution
		HideSolutionNode = FALSE
	EndGlobalSection
	GlobalSection(ExtensibilityGlobals) = postSolution
		SolutionGuid = {BB845BF2-876E-45E0-9B77-D63D42E40BFE}
	EndGlobalSection
EndGlobal
