
Microsoft Visual Studio Solution File, Format Version 12.00
# Visual Studio Version 16
VisualStudioVersion = 16.0.29728.190
MinimumVisualStudioVersion = 10.0.40219.1
Project("{9A19103F-16F7-4668-BE54-9A1E7A4F7556}") = "DataStructures", "DataStructures.csproj", "{83AEBD9E-C017-48B8-9D50-ABD840E1C61E}"
EndProject
Global
	GlobalSection(SolutionConfigurationPlatforms) = preSolution
		Debug|Any CPU = Debug|Any CPU
		Release|Any CPU = Release|Any CPU
	EndGlobalSection
	GlobalSection(ProjectConfigurationPlatforms) = postSolution
		{83AEBD9E-C017-48B8-9D50-ABD840E1C61E}.Debug|Any CPU.ActiveCfg = Debug|Any CPU
		{83AEBD9E-C017-48B8-9D50-ABD840E1C61E}.Debug|Any CPU.Build.0 = Debug|Any CPU
		{83AEBD9E-C017-48B8-9D50-ABD840E1C61E}.Release|Any CPU.ActiveCfg = Release|Any CPU
		{83AEBD9E-C017-48B8-9D50-ABD840E1C61E}.Release|Any CPU.Build.0 = Release|Any CPU
	EndGlobalSection
	GlobalSection(SolutionProperties) = preSolution
		HideSolutionNode = FALSE
	EndGlobalSection
	GlobalSection(ExtensibilityGlobals) = postSolution
		SolutionGuid = {B6540A54-3CEF-4E78-91CD-A3CA0802D580}
	EndGlobalSection
EndGlobal
