
Microsoft Visual Studio Solution File, Format Version 12.00
# Visual Studio Version 16
VisualStudioVersion = 16.0.29215.179
MinimumVisualStudioVersion = 10.0.40219.1
Project("{FAE04EC0-301F-11D3-BF4B-00C04F79EFBC}") = "JSONValidatorAlternativeVersion", "JSONValidatorAlternativeVersion.csproj", "{5A462589-5783-4EC4-A9EB-3AD12D08223C}"
EndProject
Global
	GlobalSection(SolutionConfigurationPlatforms) = preSolution
		Debug|Any CPU = Debug|Any CPU
		Release|Any CPU = Release|Any CPU
	EndGlobalSection
	GlobalSection(ProjectConfigurationPlatforms) = postSolution
		{5A462589-5783-4EC4-A9EB-3AD12D08223C}.Debug|Any CPU.ActiveCfg = Debug|Any CPU
		{5A462589-5783-4EC4-A9EB-3AD12D08223C}.Debug|Any CPU.Build.0 = Debug|Any CPU
		{5A462589-5783-4EC4-A9EB-3AD12D08223C}.Release|Any CPU.ActiveCfg = Release|Any CPU
		{5A462589-5783-4EC4-A9EB-3AD12D08223C}.Release|Any CPU.Build.0 = Release|Any CPU
	EndGlobalSection
	GlobalSection(SolutionProperties) = preSolution
		HideSolutionNode = FALSE
	EndGlobalSection
	GlobalSection(ExtensibilityGlobals) = postSolution
		SolutionGuid = {62EACE8B-F3A8-4DA8-8A59-BD2A1B2DB2AC}
	EndGlobalSection
EndGlobal
